
Microsoft Visual Studio Solution File, Format Version 12.00
# Visual Studio Version 17
VisualStudioVersion = 17.3.32929.385
MinimumVisualStudioVersion = 10.0.40219.1
Project("{FAE04EC0-301F-11D3-BF4B-00C04F79EFBC}") = "SwipeTrueFalseQuiz.Android", "SwipeTrueFalseQuiz\SwipeTrueFalseQuiz.Android\SwipeTrueFalseQuiz.Android.csproj", "{67D7F81C-16C8-43D5-A506-EDF13DCBFE9C}"
EndProject
Project("{FAE04EC0-301F-11D3-BF4B-00C04F79EFBC}") = "SwipeTrueFalseQuiz.iOS", "SwipeTrueFalseQuiz\SwipeTrueFalseQuiz.iOS\SwipeTrueFalseQuiz.iOS.csproj", "{CED7370A-6B9A-450F-BA99-EA990E1C4162}"
EndProject
Project("{FAE04EC0-301F-11D3-BF4B-00C04F79EFBC}") = "SwipeTrueFalseQuiz", "SwipeTrueFalseQuiz\SwipeTrueFalseQuiz\SwipeTrueFalseQuiz.csproj", "{BCACF003-1BF5-4C77-8979-C58EEF6C4B98}"
EndProject
Global
	GlobalSection(SolutionConfigurationPlatforms) = preSolution
		Debug|Any CPU = Debug|Any CPU
		Debug|iPhone = Debug|iPhone
		Debug|iPhoneSimulator = Debug|iPhoneSimulator
		Release|Any CPU = Release|Any CPU
		Release|iPhone = Release|iPhone
		Release|iPhoneSimulator = Release|iPhoneSimulator
	EndGlobalSection
	GlobalSection(ProjectConfigurationPlatforms) = postSolution
		{67D7F81C-16C8-43D5-A506-EDF13DCBFE9C}.Debug|Any CPU.ActiveCfg = Debug|Any CPU
		{67D7F81C-16C8-43D5-A506-EDF13DCBFE9C}.Debug|Any CPU.Build.0 = Debug|Any CPU
		{67D7F81C-16C8-43D5-A506-EDF13DCBFE9C}.Debug|Any CPU.Deploy.0 = Debug|Any CPU
		{67D7F81C-16C8-43D5-A506-EDF13DCBFE9C}.Debug|iPhone.ActiveCfg = Debug|Any CPU
		{67D7F81C-16C8-43D5-A506-EDF13DCBFE9C}.Debug|iPhone.Build.0 = Debug|Any CPU
		{67D7F81C-16C8-43D5-A506-EDF13DCBFE9C}.Debug|iPhone.Deploy.0 = Debug|Any CPU
		{67D7F81C-16C8-43D5-A506-EDF13DCBFE9C}.Debug|iPhoneSimulator.ActiveCfg = Debug|Any CPU
		{67D7F81C-16C8-43D5-A506-EDF13DCBFE9C}.Debug|iPhoneSimulator.Build.0 = Debug|Any CPU
		{67D7F81C-16C8-43D5-A506-EDF13DCBFE9C}.Debug|iPhoneSimulator.Deploy.0 = Debug|Any CPU
		{67D7F81C-16C8-43D5-A506-EDF13DCBFE9C}.Release|Any CPU.ActiveCfg = Release|Any CPU
		{67D7F81C-16C8-43D5-A506-EDF13DCBFE9C}.Release|Any CPU.Build.0 = Release|Any CPU
		{67D7F81C-16C8-43D5-A506-EDF13DCBFE9C}.Release|Any CPU.Deploy.0 = Release|Any CPU
		{67D7F81C-16C8-43D5-A506-EDF13DCBFE9C}.Release|iPhone.ActiveCfg = Release|Any CPU
		{67D7F81C-16C8-43D5-A506-EDF13DCBFE9C}.Release|iPhone.Build.0 = Release|Any CPU
		{67D7F81C-16C8-43D5-A506-EDF13DCBFE9C}.Release|iPhone.Deploy.0 = Release|Any CPU
		{67D7F81C-16C8-43D5-A506-EDF13DCBFE9C}.Release|iPhoneSimulator.ActiveCfg = Release|Any CPU
		{67D7F81C-16C8-43D5-A506-EDF13DCBFE9C}.Release|iPhoneSimulator.Build.0 = Release|Any CPU
		{67D7F81C-16C8-43D5-A506-EDF13DCBFE9C}.Release|iPhoneSimulator.Deploy.0 = Release|Any CPU
		{CED7370A-6B9A-450F-BA99-EA990E1C4162}.Debug|Any CPU.ActiveCfg = Debug|iPhone
		{CED7370A-6B9A-450F-BA99-EA990E1C4162}.Debug|Any CPU.Build.0 = Debug|iPhone
		{CED7370A-6B9A-450F-BA99-EA990E1C4162}.Debug|Any CPU.Deploy.0 = Debug|iPhone
		{CED7370A-6B9A-450F-BA99-EA990E1C4162}.Debug|iPhone.ActiveCfg = Debug|iPhone
		{CED7370A-6B9A-450F-BA99-EA990E1C4162}.Debug|iPhone.Build.0 = Debug|iPhone
		{CED7370A-6B9A-450F-BA99-EA990E1C4162}.Debug|iPhone.Deploy.0 = Debug|iPhone
		{CED7370A-6B9A-450F-BA99-EA990E1C4162}.Debug|iPhoneSimulator.ActiveCfg = Debug|iPhoneSimulator
		{CED7370A-6B9A-450F-BA99-EA990E1C4162}.Debug|iPhoneSimulator.Build.0 = Debug|iPhoneSimulator
		{CED7370A-6B9A-450F-BA99-EA990E1C4162}.Debug|iPhoneSimulator.Deploy.0 = Debug|iPhoneSimulator
		{CED7370A-6B9A-450F-BA99-EA990E1C4162}.Release|Any CPU.ActiveCfg = Release|iPhoneSimulator
		{CED7370A-6B9A-450F-BA99-EA990E1C4162}.Release|Any CPU.Build.0 = Release|iPhoneSimulator
		{CED7370A-6B9A-450F-BA99-EA990E1C4162}.Release|Any CPU.Deploy.0 = Release|iPhoneSimulator
		{CED7370A-6B9A-450F-BA99-EA990E1C4162}.Release|iPhone.ActiveCfg = Release|iPhone
		{CED7370A-6B9A-450F-BA99-EA990E1C4162}.Release|iPhone.Build.0 = Release|iPhone
		{CED7370A-6B9A-450F-BA99-EA990E1C4162}.Release|iPhone.Deploy.0 = Release|iPhone
		{CED7370A-6B9A-450F-BA99-EA990E1C4162}.Release|iPhoneSimulator.ActiveCfg = Release|iPhoneSimulator
		{CED7370A-6B9A-450F-BA99-EA990E1C4162}.Release|iPhoneSimulator.Build.0 = Release|iPhoneSimulator
		{CED7370A-6B9A-450F-BA99-EA990E1C4162}.Release|iPhoneSimulator.Deploy.0 = Release|iPhoneSimulator
		{BCACF003-1BF5-4C77-8979-C58EEF6C4B98}.Debug|Any CPU.ActiveCfg = Debug|Any CPU
		{BCACF003-1BF5-4C77-8979-C58EEF6C4B98}.Debug|Any CPU.Build.0 = Debug|Any CPU
		{BCACF003-1BF5-4C77-8979-C58EEF6C4B98}.Debug|Any CPU.Deploy.0 = Debug|Any CPU
		{BCACF003-1BF5-4C77-8979-C58EEF6C4B98}.Debug|iPhone.ActiveCfg = Debug|Any CPU
		{BCACF003-1BF5-4C77-8979-C58EEF6C4B98}.Debug|iPhone.Build.0 = Debug|Any CPU
		{BCACF003-1BF5-4C77-8979-C58EEF6C4B98}.Debug|iPhone.Deploy.0 = Debug|Any CPU
		{BCACF003-1BF5-4C77-8979-C58EEF6C4B98}.Debug|iPhoneSimulator.ActiveCfg = Debug|Any CPU
		{BCACF003-1BF5-4C77-8979-C58EEF6C4B98}.Debug|iPhoneSimulator.Build.0 = Debug|Any CPU
		{BCACF003-1BF5-4C77-8979-C58EEF6C4B98}.Debug|iPhoneSimulator.Deploy.0 = Debug|Any CPU
		{BCACF003-1BF5-4C77-8979-C58EEF6C4B98}.Release|Any CPU.ActiveCfg = Release|Any CPU
		{BCACF003-1BF5-4C77-8979-C58EEF6C4B98}.Release|Any CPU.Build.0 = Release|Any CPU
		{BCACF003-1BF5-4C77-8979-C58EEF6C4B98}.Release|Any CPU.Deploy.0 = Release|Any CPU
		{BCACF003-1BF5-4C77-8979-C58EEF6C4B98}.Release|iPhone.ActiveCfg = Release|Any CPU
		{BCACF003-1BF5-4C77-8979-C58EEF6C4B98}.Release|iPhone.Build.0 = Release|Any CPU
		{BCACF003-1BF5-4C77-8979-C58EEF6C4B98}.Release|iPhone.Deploy.0 = Release|Any CPU
		{BCACF003-1BF5-4C77-8979-C58EEF6C4B98}.Release|iPhoneSimulator.ActiveCfg = Release|Any CPU
		{BCACF003-1BF5-4C77-8979-C58EEF6C4B98}.Release|iPhoneSimulator.Build.0 = Release|Any CPU
		{BCACF003-1BF5-4C77-8979-C58EEF6C4B98}.Release|iPhoneSimulator.Deploy.0 = Release|Any CPU
	EndGlobalSection
	GlobalSection(SolutionProperties) = preSolution
		HideSolutionNode = FALSE
	EndGlobalSection
	GlobalSection(ExtensibilityGlobals) = postSolution
		SolutionGuid = {60D7CA3D-D528-4C4A-B127-F3744C1FB129}
	EndGlobalSection
EndGlobal
